
Microsoft Visual Studio Solution File, Format Version 12.00
# Visual Studio Version 17
VisualStudioVersion = 17.2.32516.85
MinimumVisualStudioVersion = 10.0.40219.1
Project("{FAE04EC0-301F-11D3-BF4B-00C04F79EFBC}") = "Bigschool-LeMaiVuHoang-lab3", "Bigschool-LeMaiVuHoang-lab3\Bigschool-LeMaiVuHoang-lab3.csproj", "{DF347E9B-D178-469A-B71A-68DDEAC0958B}"
EndProject
Global
	GlobalSection(SolutionConfigurationPlatforms) = preSolution
		Debug|Any CPU = Debug|Any CPU
		Release|Any CPU = Release|Any CPU
	EndGlobalSection
	GlobalSection(ProjectConfigurationPlatforms) = postSolution
		{DF347E9B-D178-469A-B71A-68DDEAC0958B}.Debug|Any CPU.ActiveCfg = Debug|Any CPU
		{DF347E9B-D178-469A-B71A-68DDEAC0958B}.Debug|Any CPU.Build.0 = Debug|Any CPU
		{DF347E9B-D178-469A-B71A-68DDEAC0958B}.Release|Any CPU.ActiveCfg = Release|Any CPU
		{DF347E9B-D178-469A-B71A-68DDEAC0958B}.Release|Any CPU.Build.0 = Release|Any CPU
	EndGlobalSection
	GlobalSection(SolutionProperties) = preSolution
		HideSolutionNode = FALSE
	EndGlobalSection
	GlobalSection(ExtensibilityGlobals) = postSolution
		SolutionGuid = {58780FDB-A453-4534-A004-ADDE3FF2BB9D}
	EndGlobalSection
EndGlobal
